
Microsoft Visual Studio Solution File, Format Version 12.00
# Visual Studio Version 17
VisualStudioVersion = 17.2.32602.215
MinimumVisualStudioVersion = 10.0.40219.1
Project("{FAE04EC0-301F-11D3-BF4B-00C04F79EFBC}") = "ContosoUniversity", "ContosoUniversity\ContosoUniversity.csproj", "{94EA8764-76E1-4343-97E9-E89BA51175C5}"
EndProject
Global
	GlobalSection(SolutionConfigurationPlatforms) = preSolution
		Debug|Any CPU = Debug|Any CPU
		Release|Any CPU = Release|Any CPU
	EndGlobalSection
	GlobalSection(ProjectConfigurationPlatforms) = postSolution
		{94EA8764-76E1-4343-97E9-E89BA51175C5}.Debug|Any CPU.ActiveCfg = Debug|Any CPU
		{94EA8764-76E1-4343-97E9-E89BA51175C5}.Debug|Any CPU.Build.0 = Debug|Any CPU
		{94EA8764-76E1-4343-97E9-E89BA51175C5}.Release|Any CPU.ActiveCfg = Release|Any CPU
		{94EA8764-76E1-4343-97E9-E89BA51175C5}.Release|Any CPU.Build.0 = Release|Any CPU
	EndGlobalSection
	GlobalSection(SolutionProperties) = preSolution
		HideSolutionNode = FALSE
	EndGlobalSection
	GlobalSection(ExtensibilityGlobals) = postSolution
		SolutionGuid = {4C07208D-4604-4955-A3E0-153E944C1A99}
	EndGlobalSection
EndGlobal
